<?xml version="1.0" encoding="UTF-8" standalone="yes" ?>
<CodeBlocks_project_file>
	<FileVersion major="1" minor="6" />
	<Project>
		<Option title="Project1" />
		<Option pch_mode="2" />
		<Option compiler="gcc" />
		<Build>
			<Script file="lib_finder.script" />
			<Target title="Debug">
				<Option output="bin/Debug/Project1" prefix_auto="1" extension_auto="1" />
				<Option object_output="obj/Debug/" />
				<Option type="1" />
				<Option compiler="gcc" />
				<Option parameters="file.txt" />
				<Compiler>
					<Add option="-g" />
				</Compiler>
			</Target>
			<Target title="Release">
				<Option output="bin/Release/Project1" prefix_auto="1" extension_auto="1" />
				<Option object_output="obj/Release/" />
				<Option type="0" />
				<Option compiler="gcc" />
				<Compiler>
					<Add option="-O2" />
				</Compiler>
				<Linker>
					<Add option="-s" />
				</Linker>
			</Target>
		</Build>
		<Compiler>
			<Add option="-Wall" />
		</Compiler>
		<Linker>
			<Add library="gdi32" />
			<Add library="user32" />
			<Add library="kernel32" />
			<Add library="comctl32" />
			<Add library="comdlg32" />
		</Linker>
		<Unit filename="TModel.c">
			<Option compilerVar="CC" />
		</Unit>
		<Unit filename="TModel.h" />
		<Unit filename="TView.c">
			<Option compilerVar="CC" />
		</Unit>
		<Unit filename="TView.h" />
		<Unit filename="changingSize.c">
			<Option compilerVar="CC" />
		</Unit>
		<Unit filename="changingSize.h" />
		<Unit filename="file.txt" />
		<Unit filename="main.c">
			<Option compilerVar="CC" />
		</Unit>
		<Unit filename="menu.h" />
		<Unit filename="processing.c">
			<Option compilerVar="CC" />
		</Unit>
		<Unit filename="processing.h" />
		<Unit filename="resources.rc">
			<Option compilerVar="WINDRES" />
		</Unit>
		<Unit filename="scrolling.c">
			<Option compilerVar="CC" />
		</Unit>
		<Unit filename="scrolling.h" />
		<Extensions>
			<lib_finder disable_auto="1" />
		</Extensions>
	</Project>
</CodeBlocks_project_file>
