<?xml version="1.0" encoding="UTF-8" standalone="yes" ?>
<CodeBlocks_project_file>
	<FileVersion major="1" minor="6" />
	<Project>
		<Option title="Interfaces_Derkachenko" />
		<Option pch_mode="2" />
		<Option compiler="gcc" />
		<Build>
			<Target title="Debug">
				<Option output="bin/Debug/Interfaces_Derkachenko" prefix_auto="1" extension_auto="1" />
				<Option object_output="obj/Debug/" />
				<Option type="1" />
				<Option compiler="gcc" />
				<Compiler>
					<Add option="-g" />
				</Compiler>
			</Target>
			<Target title="Release">
				<Option output="bin/Release/Interfaces_Derkachenko" prefix_auto="1" extension_auto="1" />
				<Option object_output="obj/Release/" />
				<Option type="1" />
				<Option compiler="gcc" />
				<Compiler>
					<Add option="-O2" />
				</Compiler>
				<Linker>
					<Add option="-s" />
				</Linker>
			</Target>
		</Build>
		<Compiler>
			<Add option="-std=c++11" />
			<Add option="-Wall" />
		</Compiler>
		<Unit filename="include/ICompact.h" />
		<Unit filename="include/ILogger.h" />
		<Unit filename="include/IMultiIndex.h" />
		<Unit filename="include/ISet.h" />
		<Unit filename="include/ISetControlBlock.h" />
		<Unit filename="include/IVector.h" />
		<Unit filename="include/RC.h" />
		<Unit filename="src/IteratorImpl.cpp" />
		<Unit filename="src/LoggerImpl.cpp" />
		<Unit filename="src/SetBlockImpl.cpp" />
		<Unit filename="src/SetBlockImpl.h" />
		<Unit filename="src/SetImpl.cpp" />
		<Unit filename="src/SetImpl.h" />
		<Unit filename="src/VectorImpl.cpp" />
		<Unit filename="tests/main.cpp" />
		<Unit filename="tests/set_tests.cpp" />
		<Unit filename="tests/set_tests.h" />
		<Unit filename="tests/tests.h" />
		<Unit filename="tests/vector_tests.cpp" />
		<Unit filename="tests/vector_tests.h" />
		<Extensions />
	</Project>
</CodeBlocks_project_file>
